
Microsoft Visual Studio Solution File, Format Version 12.00
# Visual Studio Version 16
VisualStudioVersion = 16.0.29009.5
MinimumVisualStudioVersion = 10.0.40219.1
Project("{FAE04EC0-301F-11D3-BF4B-00C04F79EFBC}") = "encryptor-hc-128", "encryptor-hc-128\encryptor-hc-128.csproj", "{DE2219C5-F2F8-492E-9C48-145FAB4E1D62}"
EndProject
Project("{FAE04EC0-301F-11D3-BF4B-00C04F79EFBC}") = "application", "application\application.csproj", "{90F0B783-E9B2-4F12-A9C1-37B096906FA0}"
EndProject
Global
	GlobalSection(SolutionConfigurationPlatforms) = preSolution
		Debug|Any CPU = Debug|Any CPU
		Release|Any CPU = Release|Any CPU
	EndGlobalSection
	GlobalSection(ProjectConfigurationPlatforms) = postSolution
		{DE2219C5-F2F8-492E-9C48-145FAB4E1D62}.Debug|Any CPU.ActiveCfg = Debug|Any CPU
		{DE2219C5-F2F8-492E-9C48-145FAB4E1D62}.Debug|Any CPU.Build.0 = Debug|Any CPU
		{DE2219C5-F2F8-492E-9C48-145FAB4E1D62}.Release|Any CPU.ActiveCfg = Release|Any CPU
		{DE2219C5-F2F8-492E-9C48-145FAB4E1D62}.Release|Any CPU.Build.0 = Release|Any CPU
		{90F0B783-E9B2-4F12-A9C1-37B096906FA0}.Debug|Any CPU.ActiveCfg = Debug|Any CPU
		{90F0B783-E9B2-4F12-A9C1-37B096906FA0}.Debug|Any CPU.Build.0 = Debug|Any CPU
		{90F0B783-E9B2-4F12-A9C1-37B096906FA0}.Release|Any CPU.ActiveCfg = Release|Any CPU
		{90F0B783-E9B2-4F12-A9C1-37B096906FA0}.Release|Any CPU.Build.0 = Release|Any CPU
	EndGlobalSection
	GlobalSection(SolutionProperties) = preSolution
		HideSolutionNode = FALSE
	EndGlobalSection
	GlobalSection(ExtensibilityGlobals) = postSolution
		SolutionGuid = {7C69A93E-DEA4-4338-910F-8E6D508A7524}
	EndGlobalSection
EndGlobal
